// !$*UTF8*$!
{
	archiveVersion = 1;
	classes = {
	};
	objectVersion = 55;
	objects = {

/* Begin PBXBuildFile section */
		A413ADD4274AD964003031A7 /* AppDelegate.swift in Sources */ = {isa = PBXBuildFile; fileRef = A413ADD3274AD964003031A7 /* AppDelegate.swift */; };
		A413ADD6274AD964003031A7 /* SceneDelegate.swift in Sources */ = {isa = PBXBuildFile; fileRef = A413ADD5274AD964003031A7 /* SceneDelegate.swift */; };
		A413ADD8274AD964003031A7 /* ViewController.swift in Sources */ = {isa = PBXBuildFile; fileRef = A413ADD7274AD964003031A7 /* ViewController.swift */; };
		A413ADDB274AD964003031A7 /* Main.storyboard in Resources */ = {isa = PBXBuildFile; fileRef = A413ADD9274AD964003031A7 /* Main.storyboard */; };
		A413ADDD274AD96E003031A7 /* Assets.xcassets in Resources */ = {isa = PBXBuildFile; fileRef = A413ADDC274AD96E003031A7 /* Assets.xcassets */; };
		A413ADE0274AD96E003031A7 /* LaunchScreen.storyboard in Resources */ = {isa = PBXBuildFile; fileRef = A413ADDE274AD96E003031A7 /* LaunchScreen.storyboard */; };
		A413ADEA274ADA32003031A7 /* ExternalAccessory.framework in Frameworks */ = {isa = PBXBuildFile; fileRef = A413ADE9274ADA32003031A7 /* ExternalAccessory.framework */; };
		A413ADEE274ADBFC003031A7 /* ParticlePeripheral.swift in Sources */ = {isa = PBXBuildFile; fileRef = A413ADED274ADBFC003031A7 /* ParticlePeripheral.swift */; };
		A4DCAFAE274EE9330045B404 /* thresholds.swift in Sources */ = {isa = PBXBuildFile; fileRef = A4DCAFAD274EE9330045B404 /* thresholds.swift */; };
/* End PBXBuildFile section */

/* Begin PBXFileReference section */
		A413ADD0274AD964003031A7 /* ankle-proctor-swift.app */ = {isa = PBXFileReference; explicitFileType = wrapper.application; includeInIndex = 0; path = "ankle-proctor-swift.app"; sourceTree = BUILT_PRODUCTS_DIR; };
		A413ADD3274AD964003031A7 /* AppDelegate.swift */ = {isa = PBXFileReference; lastKnownFileType = sourcecode.swift; path = AppDelegate.swift; sourceTree = "<group>"; };
		A413ADD5274AD964003031A7 /* SceneDelegate.swift */ = {isa = PBXFileReference; lastKnownFileType = sourcecode.swift; path = SceneDelegate.swift; sourceTree = "<group>"; };
		A413ADD7274AD964003031A7 /* ViewController.swift */ = {isa = PBXFileReference; lastKnownFileType = sourcecode.swift; path = ViewController.swift; sourceTree = "<group>"; };
		A413ADDA274AD964003031A7 /* Base */ = {isa = PBXFileReference; lastKnownFileType = file.storyboard; name = Base; path = Base.lproj/Main.storyboard; sourceTree = "<group>"; };
		A413ADDC274AD96E003031A7 /* Assets.xcassets */ = {isa = PBXFileReference; lastKnownFileType = folder.assetcatalog; path = Assets.xcassets; sourceTree = "<group>"; };
		A413ADDF274AD96E003031A7 /* Base */ = {isa = PBXFileReference; lastKnownFileType = file.storyboard; name = Base; path = Base.lproj/LaunchScreen.storyboard; sourceTree = "<group>"; };
		A413ADE1274AD96E003031A7 /* Info.plist */ = {isa = PBXFileReference; lastKnownFileType = text.plist.xml; path = Info.plist; sourceTree = "<group>"; };
		A413ADE7274ADA29003031A7 /* ankle-proctor-swiftRelease.entitlements */ = {isa = PBXFileReference; lastKnownFileType = text.plist.entitlements; path = "ankle-proctor-swiftRelease.entitlements"; sourceTree = "<group>"; };
		A413ADE9274ADA32003031A7 /* ExternalAccessory.framework */ = {isa = PBXFileReference; lastKnownFileType = wrapper.framework; name = ExternalAccessory.framework; path = System/Library/Frameworks/ExternalAccessory.framework; sourceTree = SDKROOT; };
		A413ADEB274ADA5C003031A7 /* ankle-proctor-swift.entitlements */ = {isa = PBXFileReference; lastKnownFileType = text.plist.entitlements; path = "ankle-proctor-swift.entitlements"; sourceTree = "<group>"; };
		A413ADED274ADBFC003031A7 /* ParticlePeripheral.swift */ = {isa = PBXFileReference; lastKnownFileType = sourcecode.swift; path = ParticlePeripheral.swift; sourceTree = "<group>"; };
		A4DCAFAD274EE9330045B404 /* thresholds.swift */ = {isa = PBXFileReference; lastKnownFileType = sourcecode.swift; path = thresholds.swift; sourceTree = "<group>"; };
/* End PBXFileReference section */

/* Begin PBXFrameworksBuildPhase section */
		A413ADCD274AD964003031A7 /* Frameworks */ = {
			isa = PBXFrameworksBuildPhase;
			buildActionMask = 2147483647;
			files = (
				A413ADEA274ADA32003031A7 /* ExternalAccessory.framework in Frameworks */,
			);
			runOnlyForDeploymentPostprocessing = 0;
		};
/* End PBXFrameworksBuildPhase section */

/* Begin PBXGroup section */
		A413ADC7274AD964003031A7 = {
			isa = PBXGroup;
			children = (
				A413ADD2274AD964003031A7 /* ankle-proctor-swift */,
				A413ADD1274AD964003031A7 /* Products */,
				A413ADE8274ADA32003031A7 /* Frameworks */,
			);
			sourceTree = "<group>";
		};
		A413ADD1274AD964003031A7 /* Products */ = {
			isa = PBXGroup;
			children = (
				A413ADD0274AD964003031A7 /* ankle-proctor-swift.app */,
			);
			name = Products;
			sourceTree = "<group>";
		};
		A413ADD2274AD964003031A7 /* ankle-proctor-swift */ = {
			isa = PBXGroup;
			children = (
				A413ADEC274ADBED003031A7 /* Models */,
				A413ADEB274ADA5C003031A7 /* ankle-proctor-swift.entitlements */,
				A413ADE7274ADA29003031A7 /* ankle-proctor-swiftRelease.entitlements */,
				A413ADD3274AD964003031A7 /* AppDelegate.swift */,
				A413ADD5274AD964003031A7 /* SceneDelegate.swift */,
				A413ADD7274AD964003031A7 /* ViewController.swift */,
				A413ADD9274AD964003031A7 /* Main.storyboard */,
				A413ADDC274AD96E003031A7 /* Assets.xcassets */,
				A413ADDE274AD96E003031A7 /* LaunchScreen.storyboard */,
				A413ADE1274AD96E003031A7 /* Info.plist */,
			);
			path = "ankle-proctor-swift";
			sourceTree = "<group>";
		};
		A413ADE8274ADA32003031A7 /* Frameworks */ = {
			isa = PBXGroup;
			children = (
				A413ADE9274ADA32003031A7 /* ExternalAccessory.framework */,
			);
			name = Frameworks;
			sourceTree = "<group>";
		};
		A413ADEC274ADBED003031A7 /* Models */ = {
			isa = PBXGroup;
			children = (
				A413ADED274ADBFC003031A7 /* ParticlePeripheral.swift */,
				A4DCAFAD274EE9330045B404 /* thresholds.swift */,
			);
			path = Models;
			sourceTree = "<group>";
		};
/* End PBXGroup section */

/* Begin PBXNativeTarget section */
		A413ADCF274AD964003031A7 /* ankle-proctor-swift */ = {
			isa = PBXNativeTarget;
			buildConfigurationList = A413ADE4274AD96E003031A7 /* Build configuration list for PBXNativeTarget "ankle-proctor-swift" */;
			buildPhases = (
				A413ADCC274AD964003031A7 /* Sources */,
				A413ADCD274AD964003031A7 /* Frameworks */,
				A413ADCE274AD964003031A7 /* Resources */,
			);
			buildRules = (
			);
			dependencies = (
			);
			name = "ankle-proctor-swift";
			productName = "ankle-proctor-swift";
			productReference = A413ADD0274AD964003031A7 /* ankle-proctor-swift.app */;
			productType = "com.apple.product-type.application";
		};
/* End PBXNativeTarget section */

/* Begin PBXProject section */
		A413ADC8274AD964003031A7 /* Project object */ = {
			isa = PBXProject;
			attributes = {
				BuildIndependentTargetsInParallel = 1;
				LastSwiftUpdateCheck = 1310;
				LastUpgradeCheck = 1310;
				TargetAttributes = {
					A413ADCF274AD964003031A7 = {
						CreatedOnToolsVersion = 13.1;
					};
				};
			};
			buildConfigurationList = A413ADCB274AD964003031A7 /* Build configuration list for PBXProject "ankle-proctor-swift" */;
			compatibilityVersion = "Xcode 13.0";
			developmentRegion = en;
			hasScannedForEncodings = 0;
			knownRegions = (
				en,
				Base,
			);
			mainGroup = A413ADC7274AD964003031A7;
			productRefGroup = A413ADD1274AD964003031A7 /* Products */;
			projectDirPath = "";
			projectRoot = "";
			targets = (
				A413ADCF274AD964003031A7 /* ankle-proctor-swift */,
			);
		};
/* End PBXProject section */

/* Begin PBXResourcesBuildPhase section */
		A413ADCE274AD964003031A7 /* Resources */ = {
			isa = PBXResourcesBuildPhase;
			buildActionMask = 2147483647;
			files = (
				A413ADE0274AD96E003031A7 /* LaunchScreen.storyboard in Resources */,
				A413ADDD274AD96E003031A7 /* Assets.xcassets in Resources */,
				A413ADDB274AD964003031A7 /* Main.storyboard in Resources */,
			);
			runOnlyForDeploymentPostprocessing = 0;
		};
/* End PBXResourcesBuildPhase section */

/* Begin PBXSourcesBuildPhase section */
		A413ADCC274AD964003031A7 /* Sources */ = {
			isa = PBXSourcesBuildPhase;
			buildActionMask = 2147483647;
			files = (
				A413ADD8274AD964003031A7 /* ViewController.swift in Sources */,
				A413ADD4274AD964003031A7 /* AppDelegate.swift in Sources */,
				A413ADD6274AD964003031A7 /* SceneDelegate.swift in Sources */,
				A4DCAFAE274EE9330045B404 /* thresholds.swift in Sources */,
				A413ADEE274ADBFC003031A7 /* ParticlePeripheral.swift in Sources */,
			);
			runOnlyForDeploymentPostprocessing = 0;
		};
/* End PBXSourcesBuildPhase section */

/* Begin PBXVariantGroup section */
		A413ADD9274AD964003031A7 /* Main.storyboard */ = {
			isa = PBXVariantGroup;
			children = (
				A413ADDA274AD964003031A7 /* Base */,
			);
			name = Main.storyboard;
			sourceTree = "<group>";
		};
		A413ADDE274AD96E003031A7 /* LaunchScreen.storyboard */ = {
			isa = PBXVariantGroup;
			children = (
				A413ADDF274AD96E003031A7 /* Base */,
			);
			name = LaunchScreen.storyboard;
			sourceTree = "<group>";
		};
/* End PBXVariantGroup section */

/* Begin XCBuildConfiguration section */
		A413ADE2274AD96E003031A7 /* Debug */ = {
			isa = XCBuildConfiguration;
			buildSettings = {
				ALWAYS_SEARCH_USER_PATHS = NO;
				CLANG_ANALYZER_NONNULL = YES;
				CLANG_ANALYZER_NUMBER_OBJECT_CONVERSION = YES_AGGRESSIVE;
				CLANG_CXX_LANGUAGE_STANDARD = "gnu++17";
				CLANG_CXX_LIBRARY = "libc++";
				CLANG_ENABLE_MODULES = YES;
				CLANG_ENABLE_OBJC_ARC = YES;
				CLANG_ENABLE_OBJC_WEAK = YES;
				CLANG_WARN_BLOCK_CAPTURE_AUTORELEASING = YES;
				CLANG_WARN_BOOL_CONVERSION = YES;
				CLANG_WARN_COMMA = YES;
				CLANG_WARN_CONSTANT_CONVERSION = YES;
				CLANG_WARN_DEPRECATED_OBJC_IMPLEMENTATIONS = YES;
				CLANG_WARN_DIRECT_OBJC_ISA_USAGE = YES_ERROR;
				CLANG_WARN_DOCUMENTATION_COMMENTS = YES;
				CLANG_WARN_EMPTY_BODY = YES;
				CLANG_WARN_ENUM_CONVERSION = YES;
				CLANG_WARN_INFINITE_RECURSION = YES;
				CLANG_WARN_INT_CONVERSION = YES;
				CLANG_WARN_NON_LITERAL_NULL_CONVERSION = YES;
				CLANG_WARN_OBJC_IMPLICIT_RETAIN_SELF = YES;
				CLANG_WARN_OBJC_LITERAL_CONVERSION = YES;
				CLANG_WARN_OBJC_ROOT_CLASS = YES_ERROR;
				CLANG_WARN_QUOTED_INCLUDE_IN_FRAMEWORK_HEADER = YES;
				CLANG_WARN_RANGE_LOOP_ANALYSIS = YES;
				CLANG_WARN_STRICT_PROTOTYPES = YES;
				CLANG_WARN_SUSPICIOUS_MOVE = YES;
				CLANG_WARN_UNGUARDED_AVAILABILITY = YES_AGGRESSIVE;
				CLANG_WARN_UNREACHABLE_CODE = YES;
				CLANG_WARN__DUPLICATE_METHOD_MATCH = YES;
				COPY_PHASE_STRIP = NO;
				DEBUG_INFORMATION_FORMAT = dwarf;
				ENABLE_STRICT_OBJC_MSGSEND = YES;
				ENABLE_TESTABILITY = YES;
				GCC_C_LANGUAGE_STANDARD = gnu11;
				GCC_DYNAMIC_NO_PIC = NO;
				GCC_NO_COMMON_BLOCKS = YES;
				GCC_OPTIMIZATION_LEVEL = 0;
				GCC_PREPROCESSOR_DEFINITIONS = (
					"DEBUG=1",
					"$(inherited)",
				);
				GCC_WARN_64_TO_32_BIT_CONVERSION = YES;
				GCC_WARN_ABOUT_RETURN_TYPE = YES_ERROR;
				GCC_WARN_UNDECLARED_SELECTOR = YES;
				GCC_WARN_UNINITIALIZED_AUTOS = YES_AGGRESSIVE;
				GCC_WARN_UNUSED_FUNCTION = YES;
				GCC_WARN_UNUSED_VARIABLE = YES;
				IPHONEOS_DEPLOYMENT_TARGET = 15.0;
				MTL_ENABLE_DEBUG_INFO = INCLUDE_SOURCE;
				MTL_FAST_MATH = YES;
				ONLY_ACTIVE_ARCH = YES;
				SDKROOT = iphoneos;
				SWIFT_ACTIVE_COMPILATION_CONDITIONS = DEBUG;
				SWIFT_OPTIMIZATION_LEVEL = "-Onone";
			};
			name = Debug;
		};
		A413ADE3274AD96E003031A7 /* Release */ = {
			isa = XCBuildConfiguration;
			buildSettings = {
				ALWAYS_SEARCH_USER_PATHS = NO;
				CLANG_ANALYZER_NONNULL = YES;
				CLANG_ANALYZER_NUMBER_OBJECT_CONVERSION = YES_AGGRESSIVE;
				CLANG_CXX_LANGUAGE_STANDARD = "gnu++17";
				CLANG_CXX_LIBRARY = "libc++";
				CLANG_ENABLE_MODULES = YES;
				CLANG_ENABLE_OBJC_ARC = YES;
				CLANG_ENABLE_OBJC_WEAK = YES;
				CLANG_WARN_BLOCK_CAPTURE_AUTORELEASING = YES;
				CLANG_WARN_BOOL_CONVERSION = YES;
				CLANG_WARN_COMMA = YES;
				CLANG_WARN_CONSTANT_CONVERSION = YES;
				CLANG_WARN_DEPRECATED_OBJC_IMPLEMENTATIONS = YES;
				CLANG_WARN_DIRECT_OBJC_ISA_USAGE = YES_ERROR;
				CLANG_WARN_DOCUMENTATION_COMMENTS = YES;
				CLANG_WARN_EMPTY_BODY = YES;
				CLANG_WARN_ENUM_CONVERSION = YES;
				CLANG_WARN_INFINITE_RECURSION = YES;
				CLANG_WARN_INT_CONVERSION = YES;
				CLANG_WARN_NON_LITERAL_NULL_CONVERSION = YES;
				CLANG_WARN_OBJC_IMPLICIT_RETAIN_SELF = YES;
				CLANG_WARN_OBJC_LITERAL_CONVERSION = YES;
				CLANG_WARN_OBJC_ROOT_CLASS = YES_ERROR;
				CLANG_WARN_QUOTED_INCLUDE_IN_FRAMEWORK_HEADER = YES;
				CLANG_WARN_RANGE_LOOP_ANALYSIS = YES;
				CLANG_WARN_STRICT_PROTOTYPES = YES;
				CLANG_WARN_SUSPICIOUS_MOVE = YES;
				CLANG_WARN_UNGUARDED_AVAILABILITY = YES_AGGRESSIVE;
				CLANG_WARN_UNREACHABLE_CODE = YES;
				CLANG_WARN__DUPLICATE_METHOD_MATCH = YES;
				COPY_PHASE_STRIP = NO;
				DEBUG_INFORMATION_FORMAT = "dwarf-with-dsym";
				ENABLE_NS_ASSERTIONS = NO;
				ENABLE_STRICT_OBJC_MSGSEND = YES;
				GCC_C_LANGUAGE_STANDARD = gnu11;
				GCC_NO_COMMON_BLOCKS = YES;
				GCC_WARN_64_TO_32_BIT_CONVERSION = YES;
				GCC_WARN_ABOUT_RETURN_TYPE = YES_ERROR;
				GCC_WARN_UNDECLARED_SELECTOR = YES;
				GCC_WARN_UNINITIALIZED_AUTOS = YES_AGGRESSIVE;
				GCC_WARN_UNUSED_FUNCTION = YES;
				GCC_WARN_UNUSED_VARIABLE = YES;
				IPHONEOS_DEPLOYMENT_TARGET = 15.0;
				MTL_ENABLE_DEBUG_INFO = NO;
				MTL_FAST_MATH = YES;
				SDKROOT = iphoneos;
				SWIFT_COMPILATION_MODE = wholemodule;
				SWIFT_OPTIMIZATION_LEVEL = "-O";
				VALIDATE_PRODUCT = YES;
			};
			name = Release;
		};
		A413ADE5274AD96E003031A7 /* Debug */ = {
			isa = XCBuildConfiguration;
			buildSettings = {
				ASSETCATALOG_COMPILER_APPICON_NAME = AppIcon;
				ASSETCATALOG_COMPILER_GLOBAL_ACCENT_COLOR_NAME = AccentColor;
				CODE_SIGN_ENTITLEMENTS = "ankle-proctor-swift/ankle-proctor-swift.entitlements";
				CODE_SIGN_STYLE = Automatic;
				CURRENT_PROJECT_VERSION = 1;
				DEVELOPMENT_TEAM = 4A82R8TYK9;
				GENERATE_INFOPLIST_FILE = YES;
				INFOPLIST_FILE = "ankle-proctor-swift/Info.plist";
				INFOPLIST_KEY_UIApplicationSupportsIndirectInputEvents = YES;
				INFOPLIST_KEY_UILaunchStoryboardName = LaunchScreen;
				INFOPLIST_KEY_UIMainStoryboardFile = Main;
				INFOPLIST_KEY_UISupportedInterfaceOrientations_iPad = "UIInterfaceOrientationPortrait UIInterfaceOrientationPortraitUpsideDown UIInterfaceOrientationLandscapeLeft UIInterfaceOrientationLandscapeRight";
				INFOPLIST_KEY_UISupportedInterfaceOrientations_iPhone = "UIInterfaceOrientationPortrait UIInterfaceOrientationLandscapeLeft UIInterfaceOrientationLandscapeRight";
				LD_RUNPATH_SEARCH_PATHS = (
					"$(inherited)",
					"@executable_path/Frameworks",
				);
				MARKETING_VERSION = 1.0;
				PRODUCT_BUNDLE_IDENTIFIER = "yurensun.github.io.ankle-proctor-swift";
				PRODUCT_NAME = "$(TARGET_NAME)";
				SWIFT_EMIT_LOC_STRINGS = YES;
				SWIFT_VERSION = 5.0;
				TARGETED_DEVICE_FAMILY = "1,2";
			};
			name = Debug;
		};
		A413ADE6274AD96E003031A7 /* Release */ = {
			isa = XCBuildConfiguration;
			buildSettings = {
				ASSETCATALOG_COMPILER_APPICON_NAME = AppIcon;
				ASSETCATALOG_COMPILER_GLOBAL_ACCENT_COLOR_NAME = AccentColor;
				CODE_SIGN_ENTITLEMENTS = "ankle-proctor-swift/ankle-proctor-swiftRelease.entitlements";
				CODE_SIGN_STYLE = Automatic;
				CURRENT_PROJECT_VERSION = 1;
				DEVELOPMENT_TEAM = 4A82R8TYK9;
				GENERATE_INFOPLIST_FILE = YES;
				INFOPLIST_FILE = "ankle-proctor-swift/Info.plist";
				INFOPLIST_KEY_UIApplicationSupportsIndirectInputEvents = YES;
				INFOPLIST_KEY_UILaunchStoryboardName = LaunchScreen;
				INFOPLIST_KEY_UIMainStoryboardFile = Main;
				INFOPLIST_KEY_UISupportedInterfaceOrientations_iPad = "UIInterfaceOrientationPortrait UIInterfaceOrientationPortraitUpsideDown UIInterfaceOrientationLandscapeLeft UIInterfaceOrientationLandscapeRight";
				INFOPLIST_KEY_UISupportedInterfaceOrientations_iPhone = "UIInterfaceOrientationPortrait UIInterfaceOrientationLandscapeLeft UIInterfaceOrientationLandscapeRight";
				LD_RUNPATH_SEARCH_PATHS = (
					"$(inherited)",
					"@executable_path/Frameworks",
				);
				MARKETING_VERSION = 1.0;
				PRODUCT_BUNDLE_IDENTIFIER = "yurensun.github.io.ankle-proctor-swift";
				PRODUCT_NAME = "$(TARGET_NAME)";
				SWIFT_EMIT_LOC_STRINGS = YES;
				SWIFT_VERSION = 5.0;
				TARGETED_DEVICE_FAMILY = "1,2";
			};
			name = Release;
		};
/* End XCBuildConfiguration section */

/* Begin XCConfigurationList section */
		A413ADCB274AD964003031A7 /* Build configuration list for PBXProject "ankle-proctor-swift" */ = {
			isa = XCConfigurationList;
			buildConfigurations = (
				A413ADE2274AD96E003031A7 /* Debug */,
				A413ADE3274AD96E003031A7 /* Release */,
			);
			defaultConfigurationIsVisible = 0;
			defaultConfigurationName = Release;
		};
		A413ADE4274AD96E003031A7 /* Build configuration list for PBXNativeTarget "ankle-proctor-swift" */ = {
			isa = XCConfigurationList;
			buildConfigurations = (
				A413ADE5274AD96E003031A7 /* Debug */,
				A413ADE6274AD96E003031A7 /* Release */,
			);
			defaultConfigurationIsVisible = 0;
			defaultConfigurationName = Release;
		};
/* End XCConfigurationList section */
	};
	rootObject = A413ADC8274AD964003031A7 /* Project object */;
}
